
Microsoft Visual Studio Solution File, Format Version 12.00
# Visual Studio 15
VisualStudioVersion = 15.0.26228.9
MinimumVisualStudioVersion = 10.0.40219.1
Project("{2150E333-8FDC-42A3-9474-1A3956D46DE8}") = "src", "src", "{3AE3C4D3-7C26-4C62-A456-248F57B02ED5}"
EndProject
Project("{2150E333-8FDC-42A3-9474-1A3956D46DE8}") = "Solution Items", "Solution Items", "{E709F72C-4111-45B7-8EE3-3FE8292DF66D}"
EndProject
Project("{9A19103F-16F7-4668-BE54-9A1E7A4F7556}") = "DependencyInjection.Web", "src\DependencyInjection.Web\DependencyInjection.Web.csproj", "{465E1D68-539C-431D-928D-C63E96D9A0D6}"
EndProject
Project("{2150E333-8FDC-42A3-9474-1A3956D46DE8}") = "Tests", "Tests", "{F2F90D32-8A80-4CDF-AA86-0F31AB15EA44}"
EndProject
Project("{FAE04EC0-301F-11D3-BF4B-00C04F79EFBC}") = "DependencyInjection.Test", "DependencyInjection.Test\DependencyInjection.Test.csproj", "{2059EFED-68F4-47F5-A497-577944F517B4}"
EndProject
Global
	GlobalSection(SolutionConfigurationPlatforms) = preSolution
		Debug|Any CPU = Debug|Any CPU
		Release|Any CPU = Release|Any CPU
	EndGlobalSection
	GlobalSection(ProjectConfigurationPlatforms) = postSolution
		{465E1D68-539C-431D-928D-C63E96D9A0D6}.Debug|Any CPU.ActiveCfg = Debug|Any CPU
		{465E1D68-539C-431D-928D-C63E96D9A0D6}.Debug|Any CPU.Build.0 = Debug|Any CPU
		{465E1D68-539C-431D-928D-C63E96D9A0D6}.Release|Any CPU.ActiveCfg = Release|Any CPU
		{465E1D68-539C-431D-928D-C63E96D9A0D6}.Release|Any CPU.Build.0 = Release|Any CPU
		{2059EFED-68F4-47F5-A497-577944F517B4}.Debug|Any CPU.ActiveCfg = Debug|Any CPU
		{2059EFED-68F4-47F5-A497-577944F517B4}.Debug|Any CPU.Build.0 = Debug|Any CPU
		{2059EFED-68F4-47F5-A497-577944F517B4}.Release|Any CPU.ActiveCfg = Release|Any CPU
		{2059EFED-68F4-47F5-A497-577944F517B4}.Release|Any CPU.Build.0 = Release|Any CPU
	EndGlobalSection
	GlobalSection(SolutionProperties) = preSolution
		HideSolutionNode = FALSE
	EndGlobalSection
	GlobalSection(NestedProjects) = preSolution
		{465E1D68-539C-431D-928D-C63E96D9A0D6} = {3AE3C4D3-7C26-4C62-A456-248F57B02ED5}
		{2059EFED-68F4-47F5-A497-577944F517B4} = {F2F90D32-8A80-4CDF-AA86-0F31AB15EA44}
	EndGlobalSection
EndGlobal
